
Microsoft Visual Studio Solution File, Format Version 12.00
# Visual Studio Version 16
VisualStudioVersion = 16.0.31205.134
MinimumVisualStudioVersion = 10.0.40219.1
Project("{FAE04EC0-301F-11D3-BF4B-00C04F79EFBC}") = "Lab.EF.Entities", "Lab.EF.Entities\Lab.EF.Entities.csproj", "{92776988-3D4F-499C-B2ED-330844CED630}"
EndProject
Project("{FAE04EC0-301F-11D3-BF4B-00C04F79EFBC}") = "Lab.EF.Logic", "Lab.EF.Logic\Lab.EF.Logic.csproj", "{E34E2B1C-F1E6-4775-B5E5-3B355AFC0DB7}"
EndProject
Project("{FAE04EC0-301F-11D3-BF4B-00C04F79EFBC}") = "Lab.EF.Data", "Lab.EF.Data\Lab.EF.Data.csproj", "{94AF2DB7-66DD-4058-9EF7-A3D56E51401A}"
EndProject
Project("{FAE04EC0-301F-11D3-BF4B-00C04F79EFBC}") = "Lab.EF.UI.Web", "Lab.EF.UI.Web\Lab.EF.UI.Web.csproj", "{5F78B8F5-0610-4863-ADAB-096815A5767F}"
EndProject
Project("{2150E333-8FDC-42A3-9474-1A3956D46DE8}") = "1_UI", "1_UI", "{7186C41F-D098-4C2F-AE2D-9CE90D950E83}"
EndProject
Project("{2150E333-8FDC-42A3-9474-1A3956D46DE8}") = "2_Logic", "2_Logic", "{B9473985-BB7C-4FA0-A5E2-9C1EF88CF7B1}"
EndProject
Project("{2150E333-8FDC-42A3-9474-1A3956D46DE8}") = "3_Entities", "3_Entities", "{E7569061-5E54-4DC7-A9F3-78EE756AAD04}"
EndProject
Project("{2150E333-8FDC-42A3-9474-1A3956D46DE8}") = "4_Data", "4_Data", "{70DB78D0-7278-4158-A92C-DFA59D2BE768}"
EndProject
Project("{FAE04EC0-301F-11D3-BF4B-00C04F79EFBC}") = "Lab.EF.ILogic", "Lab.EF.ILogic\Lab.EF.ILogic.csproj", "{1EFE4EA5-1A53-475A-B94E-2BEFAB3E4280}"
EndProject
Project("{FAE04EC0-301F-11D3-BF4B-00C04F79EFBC}") = "Lab.EF.UI.MVC", "Lab.EF.UI.MVC\Lab.EF.UI.MVC.csproj", "{BDDCE831-9B7C-4D7B-94E9-F84E04164F55}"
EndProject
Global
	GlobalSection(SolutionConfigurationPlatforms) = preSolution
		Debug|Any CPU = Debug|Any CPU
		Release|Any CPU = Release|Any CPU
	EndGlobalSection
	GlobalSection(ProjectConfigurationPlatforms) = postSolution
		{92776988-3D4F-499C-B2ED-330844CED630}.Debug|Any CPU.ActiveCfg = Debug|Any CPU
		{92776988-3D4F-499C-B2ED-330844CED630}.Debug|Any CPU.Build.0 = Debug|Any CPU
		{92776988-3D4F-499C-B2ED-330844CED630}.Release|Any CPU.ActiveCfg = Release|Any CPU
		{92776988-3D4F-499C-B2ED-330844CED630}.Release|Any CPU.Build.0 = Release|Any CPU
		{E34E2B1C-F1E6-4775-B5E5-3B355AFC0DB7}.Debug|Any CPU.ActiveCfg = Debug|Any CPU
		{E34E2B1C-F1E6-4775-B5E5-3B355AFC0DB7}.Debug|Any CPU.Build.0 = Debug|Any CPU
		{E34E2B1C-F1E6-4775-B5E5-3B355AFC0DB7}.Release|Any CPU.ActiveCfg = Release|Any CPU
		{E34E2B1C-F1E6-4775-B5E5-3B355AFC0DB7}.Release|Any CPU.Build.0 = Release|Any CPU
		{94AF2DB7-66DD-4058-9EF7-A3D56E51401A}.Debug|Any CPU.ActiveCfg = Debug|Any CPU
		{94AF2DB7-66DD-4058-9EF7-A3D56E51401A}.Debug|Any CPU.Build.0 = Debug|Any CPU
		{94AF2DB7-66DD-4058-9EF7-A3D56E51401A}.Release|Any CPU.ActiveCfg = Release|Any CPU
		{94AF2DB7-66DD-4058-9EF7-A3D56E51401A}.Release|Any CPU.Build.0 = Release|Any CPU
		{5F78B8F5-0610-4863-ADAB-096815A5767F}.Debug|Any CPU.ActiveCfg = Debug|Any CPU
		{5F78B8F5-0610-4863-ADAB-096815A5767F}.Debug|Any CPU.Build.0 = Debug|Any CPU
		{5F78B8F5-0610-4863-ADAB-096815A5767F}.Release|Any CPU.ActiveCfg = Release|Any CPU
		{5F78B8F5-0610-4863-ADAB-096815A5767F}.Release|Any CPU.Build.0 = Release|Any CPU
		{1EFE4EA5-1A53-475A-B94E-2BEFAB3E4280}.Debug|Any CPU.ActiveCfg = Debug|Any CPU
		{1EFE4EA5-1A53-475A-B94E-2BEFAB3E4280}.Debug|Any CPU.Build.0 = Debug|Any CPU
		{1EFE4EA5-1A53-475A-B94E-2BEFAB3E4280}.Release|Any CPU.ActiveCfg = Release|Any CPU
		{1EFE4EA5-1A53-475A-B94E-2BEFAB3E4280}.Release|Any CPU.Build.0 = Release|Any CPU
		{BDDCE831-9B7C-4D7B-94E9-F84E04164F55}.Debug|Any CPU.ActiveCfg = Debug|Any CPU
		{BDDCE831-9B7C-4D7B-94E9-F84E04164F55}.Debug|Any CPU.Build.0 = Debug|Any CPU
		{BDDCE831-9B7C-4D7B-94E9-F84E04164F55}.Release|Any CPU.ActiveCfg = Release|Any CPU
		{BDDCE831-9B7C-4D7B-94E9-F84E04164F55}.Release|Any CPU.Build.0 = Release|Any CPU
	EndGlobalSection
	GlobalSection(SolutionProperties) = preSolution
		HideSolutionNode = FALSE
	EndGlobalSection
	GlobalSection(NestedProjects) = preSolution
		{92776988-3D4F-499C-B2ED-330844CED630} = {E7569061-5E54-4DC7-A9F3-78EE756AAD04}
		{E34E2B1C-F1E6-4775-B5E5-3B355AFC0DB7} = {B9473985-BB7C-4FA0-A5E2-9C1EF88CF7B1}
		{94AF2DB7-66DD-4058-9EF7-A3D56E51401A} = {70DB78D0-7278-4158-A92C-DFA59D2BE768}
		{5F78B8F5-0610-4863-ADAB-096815A5767F} = {7186C41F-D098-4C2F-AE2D-9CE90D950E83}
		{1EFE4EA5-1A53-475A-B94E-2BEFAB3E4280} = {B9473985-BB7C-4FA0-A5E2-9C1EF88CF7B1}
		{BDDCE831-9B7C-4D7B-94E9-F84E04164F55} = {7186C41F-D098-4C2F-AE2D-9CE90D950E83}
	EndGlobalSection
	GlobalSection(ExtensibilityGlobals) = postSolution
		SolutionGuid = {A2034653-729C-476E-952E-98A0A976EEEB}
	EndGlobalSection
EndGlobal
